
Microsoft Visual Studio Solution File, Format Version 12.00
# Visual Studio Version 17
VisualStudioVersion = 17.11.35312.102
MinimumVisualStudioVersion = 10.0.40219.1
Project("{FAE04EC0-301F-11D3-BF4B-00C04F79EFBC}") = "wpf-devourers", "wpf-devourers.csproj", "{2E64549C-36F7-4F67-B51A-D858FD4E7BB3}"
EndProject
Global
	GlobalSection(SolutionConfigurationPlatforms) = preSolution
		Debug|Any CPU = Debug|Any CPU
		Release|Any CPU = Release|Any CPU
	EndGlobalSection
	GlobalSection(ProjectConfigurationPlatforms) = postSolution
		{2E64549C-36F7-4F67-B51A-D858FD4E7BB3}.Debug|Any CPU.ActiveCfg = Debug|Any CPU
		{2E64549C-36F7-4F67-B51A-D858FD4E7BB3}.Debug|Any CPU.Build.0 = Debug|Any CPU
		{2E64549C-36F7-4F67-B51A-D858FD4E7BB3}.Release|Any CPU.ActiveCfg = Release|Any CPU
		{2E64549C-36F7-4F67-B51A-D858FD4E7BB3}.Release|Any CPU.Build.0 = Release|Any CPU
	EndGlobalSection
	GlobalSection(SolutionProperties) = preSolution
		HideSolutionNode = FALSE
	EndGlobalSection
	GlobalSection(ExtensibilityGlobals) = postSolution
		SolutionGuid = {691BF260-A4FE-450B-9458-9DB42D4AB80B}
	EndGlobalSection
EndGlobal
